
Microsoft Visual Studio Solution File, Format Version 12.00
# Visual Studio Version 16
VisualStudioVersion = 16.0.31624.102
MinimumVisualStudioVersion = 10.0.40219.1
Project("{8BC9CEB8-8B4A-11D0-8D11-00A0C91BC942}") = "inversiya", "inversiya.vcxproj", "{7FAA9799-E18C-48AF-AE75-D8D916A57666}"
EndProject
Global
	GlobalSection(SolutionConfigurationPlatforms) = preSolution
		Debug|x64 = Debug|x64
		Debug|x86 = Debug|x86
		Release|x64 = Release|x64
		Release|x86 = Release|x86
	EndGlobalSection
	GlobalSection(ProjectConfigurationPlatforms) = postSolution
		{7FAA9799-E18C-48AF-AE75-D8D916A57666}.Debug|x64.ActiveCfg = Debug|x64
		{7FAA9799-E18C-48AF-AE75-D8D916A57666}.Debug|x64.Build.0 = Debug|x64
		{7FAA9799-E18C-48AF-AE75-D8D916A57666}.Debug|x86.ActiveCfg = Debug|Win32
		{7FAA9799-E18C-48AF-AE75-D8D916A57666}.Debug|x86.Build.0 = Debug|Win32
		{7FAA9799-E18C-48AF-AE75-D8D916A57666}.Release|x64.ActiveCfg = Release|x64
		{7FAA9799-E18C-48AF-AE75-D8D916A57666}.Release|x64.Build.0 = Release|x64
		{7FAA9799-E18C-48AF-AE75-D8D916A57666}.Release|x86.ActiveCfg = Release|Win32
		{7FAA9799-E18C-48AF-AE75-D8D916A57666}.Release|x86.Build.0 = Release|Win32
	EndGlobalSection
	GlobalSection(SolutionProperties) = preSolution
		HideSolutionNode = FALSE
	EndGlobalSection
	GlobalSection(ExtensibilityGlobals) = postSolution
		SolutionGuid = {DA44F0F6-E15C-484F-80DF-64688ED0A496}
	EndGlobalSection
EndGlobal
